// !$*UTF8*$!
{
	archiveVersion = 1;
	classes = {
	};
	objectVersion = 56;
	objects = {

/* Begin PBXBuildFile section */
		6200487D2B2D709300417E7A /* AppDelegate.swift in Sources */ = {isa = PBXBuildFile; fileRef = 6200487C2B2D709300417E7A /* AppDelegate.swift */; };
		6200487F2B2D709300417E7A /* SceneDelegate.swift in Sources */ = {isa = PBXBuildFile; fileRef = 6200487E2B2D709300417E7A /* SceneDelegate.swift */; };
		620048812B2D709300417E7A /* MainTabBarViewController.swift in Sources */ = {isa = PBXBuildFile; fileRef = 620048802B2D709300417E7A /* MainTabBarViewController.swift */; };
		620048862B2D709400417E7A /* Assets.xcassets in Resources */ = {isa = PBXBuildFile; fileRef = 620048852B2D709400417E7A /* Assets.xcassets */; };
		620048892B2D709400417E7A /* LaunchScreen.storyboard in Resources */ = {isa = PBXBuildFile; fileRef = 620048872B2D709400417E7A /* LaunchScreen.storyboard */; };
		620048922B2EA21A00417E7A /* HomeViewController.swift in Sources */ = {isa = PBXBuildFile; fileRef = 620048912B2EA21A00417E7A /* HomeViewController.swift */; };
		620048942B2EA25800417E7A /* UpcomingViewController.swift in Sources */ = {isa = PBXBuildFile; fileRef = 620048932B2EA25800417E7A /* UpcomingViewController.swift */; };
		620048962B2EA34400417E7A /* SearchViewController.swift in Sources */ = {isa = PBXBuildFile; fileRef = 620048952B2EA34400417E7A /* SearchViewController.swift */; };
		620048982B2EA37B00417E7A /* DownloadsViewController.swift in Sources */ = {isa = PBXBuildFile; fileRef = 620048972B2EA37B00417E7A /* DownloadsViewController.swift */; };
		620612172B357231009C2B9C /* SearchResultViewController.swift in Sources */ = {isa = PBXBuildFile; fileRef = 620612162B357231009C2B9C /* SearchResultViewController.swift */; };
		6216C6922B31E12500A20F72 /* API.swift in Sources */ = {isa = PBXBuildFile; fileRef = 6216C6912B31E12500A20F72 /* API.swift */; };
		6216C6942B31FC3700A20F72 /* Movie.swift in Sources */ = {isa = PBXBuildFile; fileRef = 6216C6932B31FC3700A20F72 /* Movie.swift */; };
		6216C6972B3284B300A20F72 /* Extensions.swift in Sources */ = {isa = PBXBuildFile; fileRef = 6216C6962B3284B300A20F72 /* Extensions.swift */; };
		6216C6992B328DE000A20F72 /* TVShow.swift in Sources */ = {isa = PBXBuildFile; fileRef = 6216C6982B328DE000A20F72 /* TVShow.swift */; };
		6216C69B2B32BF1B00A20F72 /* Upcoming.swift in Sources */ = {isa = PBXBuildFile; fileRef = 6216C69A2B32BF1B00A20F72 /* Upcoming.swift */; };
		6216C69D2B32C4EA00A20F72 /* Popular.swift in Sources */ = {isa = PBXBuildFile; fileRef = 6216C69C2B32C4EA00A20F72 /* Popular.swift */; };
		6216C6A12B32DEB000A20F72 /* ImageCollectionViewCell.swift in Sources */ = {isa = PBXBuildFile; fileRef = 6216C6A02B32DEB000A20F72 /* ImageCollectionViewCell.swift */; };
		6216C6A32B33457200A20F72 /* TitleImage.swift in Sources */ = {isa = PBXBuildFile; fileRef = 6216C6A22B33457200A20F72 /* TitleImage.swift */; };
		6216C6A52B343EBC00A20F72 /* BasicTableViewCell.swift in Sources */ = {isa = PBXBuildFile; fileRef = 6216C6A42B343EBC00A20F72 /* BasicTableViewCell.swift */; };
		6216C6A72B35355100A20F72 /* BasicViewModel.swift in Sources */ = {isa = PBXBuildFile; fileRef = 6216C6A62B35355100A20F72 /* BasicViewModel.swift */; };
		625E9FB72B3FFE8800B0B977 /* KeyArchiver.swift in Sources */ = {isa = PBXBuildFile; fileRef = 625E9FB62B3FFE8800B0B977 /* KeyArchiver.swift */; };
		625E9FBA2B4092DD00B0B977 /* Toast in Frameworks */ = {isa = PBXBuildFile; productRef = 625E9FB92B4092DD00B0B977 /* Toast */; };
		626AA6102B465C610056E8EB /* SnapKit in Frameworks */ = {isa = PBXBuildFile; productRef = 626AA60F2B465C610056E8EB /* SnapKit */; };
		627273D82B39ED6000027FBC /* YoutubeResponse.swift in Sources */ = {isa = PBXBuildFile; fileRef = 627273D72B39ED6000027FBC /* YoutubeResponse.swift */; };
		627273DA2B39FB2E00027FBC /* PreviewViewController.swift in Sources */ = {isa = PBXBuildFile; fileRef = 627273D92B39FB2E00027FBC /* PreviewViewController.swift */; };
		627273DC2B3A009A00027FBC /* PreviewViewModel.swift in Sources */ = {isa = PBXBuildFile; fileRef = 627273DB2B3A009A00027FBC /* PreviewViewModel.swift */; };
		62825F422B433ADA000F5620 /* CustomTopBarUIView.swift in Sources */ = {isa = PBXBuildFile; fileRef = 62825F412B433ADA000F5620 /* CustomTopBarUIView.swift */; };
		62A0EEE82B2FF0CA00634C0C /* CollectionViewTableViewCell.swift in Sources */ = {isa = PBXBuildFile; fileRef = 62A0EEE72B2FF0CA00634C0C /* CollectionViewTableViewCell.swift */; };
		62A0EEEA2B302CD100634C0C /* HomeHeaderUIView.swift in Sources */ = {isa = PBXBuildFile; fileRef = 62A0EEE92B302CD100634C0C /* HomeHeaderUIView.swift */; };
		62B58F432B46E70700216234 /* BaseViewController.swift in Sources */ = {isa = PBXBuildFile; fileRef = 62B58F422B46E70700216234 /* BaseViewController.swift */; };
/* End PBXBuildFile section */

/* Begin PBXFileReference section */
		620048792B2D709300417E7A /* Boiflix.app */ = {isa = PBXFileReference; explicitFileType = wrapper.application; includeInIndex = 0; path = Boiflix.app; sourceTree = BUILT_PRODUCTS_DIR; };
		6200487C2B2D709300417E7A /* AppDelegate.swift */ = {isa = PBXFileReference; lastKnownFileType = sourcecode.swift; path = AppDelegate.swift; sourceTree = "<group>"; };
		6200487E2B2D709300417E7A /* SceneDelegate.swift */ = {isa = PBXFileReference; lastKnownFileType = sourcecode.swift; path = SceneDelegate.swift; sourceTree = "<group>"; };
		620048802B2D709300417E7A /* MainTabBarViewController.swift */ = {isa = PBXFileReference; lastKnownFileType = sourcecode.swift; path = MainTabBarViewController.swift; sourceTree = "<group>"; };
		620048852B2D709400417E7A /* Assets.xcassets */ = {isa = PBXFileReference; lastKnownFileType = folder.assetcatalog; path = Assets.xcassets; sourceTree = "<group>"; };
		620048882B2D709400417E7A /* Base */ = {isa = PBXFileReference; lastKnownFileType = file.storyboard; name = Base; path = Base.lproj/LaunchScreen.storyboard; sourceTree = "<group>"; };
		6200488A2B2D709400417E7A /* Info.plist */ = {isa = PBXFileReference; lastKnownFileType = text.plist.xml; path = Info.plist; sourceTree = "<group>"; };
		620048912B2EA21A00417E7A /* HomeViewController.swift */ = {isa = PBXFileReference; lastKnownFileType = sourcecode.swift; path = HomeViewController.swift; sourceTree = "<group>"; };
		620048932B2EA25800417E7A /* UpcomingViewController.swift */ = {isa = PBXFileReference; lastKnownFileType = sourcecode.swift; path = UpcomingViewController.swift; sourceTree = "<group>"; };
		620048952B2EA34400417E7A /* SearchViewController.swift */ = {isa = PBXFileReference; lastKnownFileType = sourcecode.swift; path = SearchViewController.swift; sourceTree = "<group>"; };
		620048972B2EA37B00417E7A /* DownloadsViewController.swift */ = {isa = PBXFileReference; lastKnownFileType = sourcecode.swift; path = DownloadsViewController.swift; sourceTree = "<group>"; };
		620612162B357231009C2B9C /* SearchResultViewController.swift */ = {isa = PBXFileReference; lastKnownFileType = sourcecode.swift; path = SearchResultViewController.swift; sourceTree = "<group>"; };
		6216C6912B31E12500A20F72 /* API.swift */ = {isa = PBXFileReference; lastKnownFileType = sourcecode.swift; path = API.swift; sourceTree = "<group>"; };
		6216C6932B31FC3700A20F72 /* Movie.swift */ = {isa = PBXFileReference; lastKnownFileType = sourcecode.swift; path = Movie.swift; sourceTree = "<group>"; };
		6216C6962B3284B300A20F72 /* Extensions.swift */ = {isa = PBXFileReference; lastKnownFileType = sourcecode.swift; path = Extensions.swift; sourceTree = "<group>"; };
		6216C6982B328DE000A20F72 /* TVShow.swift */ = {isa = PBXFileReference; lastKnownFileType = sourcecode.swift; path = TVShow.swift; sourceTree = "<group>"; };
		6216C69A2B32BF1B00A20F72 /* Upcoming.swift */ = {isa = PBXFileReference; lastKnownFileType = sourcecode.swift; path = Upcoming.swift; sourceTree = "<group>"; };
		6216C69C2B32C4EA00A20F72 /* Popular.swift */ = {isa = PBXFileReference; lastKnownFileType = sourcecode.swift; path = Popular.swift; sourceTree = "<group>"; };
		6216C6A02B32DEB000A20F72 /* ImageCollectionViewCell.swift */ = {isa = PBXFileReference; lastKnownFileType = sourcecode.swift; path = ImageCollectionViewCell.swift; sourceTree = "<group>"; };
		6216C6A22B33457200A20F72 /* TitleImage.swift */ = {isa = PBXFileReference; lastKnownFileType = sourcecode.swift; path = TitleImage.swift; sourceTree = "<group>"; };
		6216C6A42B343EBC00A20F72 /* BasicTableViewCell.swift */ = {isa = PBXFileReference; lastKnownFileType = sourcecode.swift; path = BasicTableViewCell.swift; sourceTree = "<group>"; };
		6216C6A62B35355100A20F72 /* BasicViewModel.swift */ = {isa = PBXFileReference; lastKnownFileType = sourcecode.swift; path = BasicViewModel.swift; sourceTree = "<group>"; };
		625E9FB62B3FFE8800B0B977 /* KeyArchiver.swift */ = {isa = PBXFileReference; lastKnownFileType = sourcecode.swift; path = KeyArchiver.swift; sourceTree = "<group>"; };
		627273D72B39ED6000027FBC /* YoutubeResponse.swift */ = {isa = PBXFileReference; lastKnownFileType = sourcecode.swift; path = YoutubeResponse.swift; sourceTree = "<group>"; };
		627273D92B39FB2E00027FBC /* PreviewViewController.swift */ = {isa = PBXFileReference; lastKnownFileType = sourcecode.swift; path = PreviewViewController.swift; sourceTree = "<group>"; };
		627273DB2B3A009A00027FBC /* PreviewViewModel.swift */ = {isa = PBXFileReference; lastKnownFileType = sourcecode.swift; path = PreviewViewModel.swift; sourceTree = "<group>"; };
		62825F412B433ADA000F5620 /* CustomTopBarUIView.swift */ = {isa = PBXFileReference; lastKnownFileType = sourcecode.swift; path = CustomTopBarUIView.swift; sourceTree = "<group>"; };
		62A0EEE72B2FF0CA00634C0C /* CollectionViewTableViewCell.swift */ = {isa = PBXFileReference; lastKnownFileType = sourcecode.swift; path = CollectionViewTableViewCell.swift; sourceTree = "<group>"; };
		62A0EEE92B302CD100634C0C /* HomeHeaderUIView.swift */ = {isa = PBXFileReference; lastKnownFileType = sourcecode.swift; path = HomeHeaderUIView.swift; sourceTree = "<group>"; };
		62B58F422B46E70700216234 /* BaseViewController.swift */ = {isa = PBXFileReference; lastKnownFileType = sourcecode.swift; path = BaseViewController.swift; sourceTree = "<group>"; };
/* End PBXFileReference section */

/* Begin PBXFrameworksBuildPhase section */
		620048762B2D709300417E7A /* Frameworks */ = {
			isa = PBXFrameworksBuildPhase;
			buildActionMask = 2147483647;
			files = (
				625E9FBA2B4092DD00B0B977 /* Toast in Frameworks */,
				626AA6102B465C610056E8EB /* SnapKit in Frameworks */,
			);
			runOnlyForDeploymentPostprocessing = 0;
		};
/* End PBXFrameworksBuildPhase section */

/* Begin PBXGroup section */
		620048702B2D709300417E7A = {
			isa = PBXGroup;
			children = (
				6200487B2B2D709300417E7A /* boiflix */,
				6200487A2B2D709300417E7A /* Products */,
			);
			sourceTree = "<group>";
		};
		6200487A2B2D709300417E7A /* Products */ = {
			isa = PBXGroup;
			children = (
				620048792B2D709300417E7A /* Boiflix.app */,
			);
			name = Products;
			sourceTree = "<group>";
		};
		6200487B2B2D709300417E7A /* boiflix */ = {
			isa = PBXGroup;
			children = (
				6216C6952B32849F00A20F72 /* Utils */,
				6216C6902B31E10300A20F72 /* Services */,
				6200489B2B2F5CCF00417E7A /* Models */,
				6200489A2B2F5CC100417E7A /* Custom Views */,
				620048992B2F5CB600417E7A /* ViewModels */,
				620048902B2E9F0500417E7A /* Controllers */,
				6200487C2B2D709300417E7A /* AppDelegate.swift */,
				6200487E2B2D709300417E7A /* SceneDelegate.swift */,
				620048852B2D709400417E7A /* Assets.xcassets */,
				620048872B2D709400417E7A /* LaunchScreen.storyboard */,
				6200488A2B2D709400417E7A /* Info.plist */,
			);
			path = boiflix;
			sourceTree = "<group>";
		};
		620048902B2E9F0500417E7A /* Controllers */ = {
			isa = PBXGroup;
			children = (
				62825F402B4309B8000F5620 /* Screens */,
				620612182B3572FE009C2B9C /* TabBar */,
				620048802B2D709300417E7A /* MainTabBarViewController.swift */,
			);
			path = Controllers;
			sourceTree = "<group>";
		};
		620048992B2F5CB600417E7A /* ViewModels */ = {
			isa = PBXGroup;
			children = (
				6216C6A62B35355100A20F72 /* BasicViewModel.swift */,
				627273DB2B3A009A00027FBC /* PreviewViewModel.swift */,
			);
			path = ViewModels;
			sourceTree = "<group>";
		};
		6200489A2B2F5CC100417E7A /* Custom Views */ = {
			isa = PBXGroup;
			children = (
				62825F412B433ADA000F5620 /* CustomTopBarUIView.swift */,
				62A0EEE92B302CD100634C0C /* HomeHeaderUIView.swift */,
				62A0EEE72B2FF0CA00634C0C /* CollectionViewTableViewCell.swift */,
				6216C6A02B32DEB000A20F72 /* ImageCollectionViewCell.swift */,
				6216C6A42B343EBC00A20F72 /* BasicTableViewCell.swift */,
			);
			path = "Custom Views";
			sourceTree = "<group>";
		};
		6200489B2B2F5CCF00417E7A /* Models */ = {
			isa = PBXGroup;
			children = (
				6216C6932B31FC3700A20F72 /* Movie.swift */,
				6216C6982B328DE000A20F72 /* TVShow.swift */,
				6216C69A2B32BF1B00A20F72 /* Upcoming.swift */,
				6216C69C2B32C4EA00A20F72 /* Popular.swift */,
				6216C6A22B33457200A20F72 /* TitleImage.swift */,
				627273D72B39ED6000027FBC /* YoutubeResponse.swift */,
			);
			path = Models;
			sourceTree = "<group>";
		};
		620612182B3572FE009C2B9C /* TabBar */ = {
			isa = PBXGroup;
			children = (
				620048912B2EA21A00417E7A /* HomeViewController.swift */,
				620048932B2EA25800417E7A /* UpcomingViewController.swift */,
				620048952B2EA34400417E7A /* SearchViewController.swift */,
				620048972B2EA37B00417E7A /* DownloadsViewController.swift */,
			);
			path = TabBar;
			sourceTree = "<group>";
		};
		6216C6902B31E10300A20F72 /* Services */ = {
			isa = PBXGroup;
			children = (
				6216C6912B31E12500A20F72 /* API.swift */,
			);
			path = Services;
			sourceTree = "<group>";
		};
		6216C6952B32849F00A20F72 /* Utils */ = {
			isa = PBXGroup;
			children = (
				6216C6962B3284B300A20F72 /* Extensions.swift */,
				625E9FB62B3FFE8800B0B977 /* KeyArchiver.swift */,
			);
			path = Utils;
			sourceTree = "<group>";
		};
		62825F402B4309B8000F5620 /* Screens */ = {
			isa = PBXGroup;
			children = (
				620612162B357231009C2B9C /* SearchResultViewController.swift */,
				627273D92B39FB2E00027FBC /* PreviewViewController.swift */,
				62B58F422B46E70700216234 /* BaseViewController.swift */,
			);
			path = Screens;
			sourceTree = "<group>";
		};
/* End PBXGroup section */

/* Begin PBXNativeTarget section */
		620048782B2D709300417E7A /* boiflix */ = {
			isa = PBXNativeTarget;
			buildConfigurationList = 6200488D2B2D709400417E7A /* Build configuration list for PBXNativeTarget "boiflix" */;
			buildPhases = (
				620048752B2D709300417E7A /* Sources */,
				620048762B2D709300417E7A /* Frameworks */,
				620048772B2D709300417E7A /* Resources */,
			);
			buildRules = (
			);
			dependencies = (
			);
			name = boiflix;
			packageProductDependencies = (
				625E9FB92B4092DD00B0B977 /* Toast */,
				626AA60F2B465C610056E8EB /* SnapKit */,
			);
			productName = boiflix;
			productReference = 620048792B2D709300417E7A /* Boiflix.app */;
			productType = "com.apple.product-type.application";
		};
/* End PBXNativeTarget section */

/* Begin PBXProject section */
		620048712B2D709300417E7A /* Project object */ = {
			isa = PBXProject;
			attributes = {
				BuildIndependentTargetsInParallel = 1;
				LastSwiftUpdateCheck = 1420;
				LastUpgradeCheck = 1420;
				TargetAttributes = {
					620048782B2D709300417E7A = {
						CreatedOnToolsVersion = 14.2;
					};
				};
			};
			buildConfigurationList = 620048742B2D709300417E7A /* Build configuration list for PBXProject "boiflix" */;
			compatibilityVersion = "Xcode 14.0";
			developmentRegion = en;
			hasScannedForEncodings = 0;
			knownRegions = (
				en,
				Base,
			);
			mainGroup = 620048702B2D709300417E7A;
			packageReferences = (
				625E9FB82B4092DD00B0B977 /* XCRemoteSwiftPackageReference "toast-swift" */,
				626AA60E2B465C610056E8EB /* XCRemoteSwiftPackageReference "SnapKit" */,
			);
			productRefGroup = 6200487A2B2D709300417E7A /* Products */;
			projectDirPath = "";
			projectRoot = "";
			targets = (
				620048782B2D709300417E7A /* boiflix */,
			);
		};
/* End PBXProject section */

/* Begin PBXResourcesBuildPhase section */
		620048772B2D709300417E7A /* Resources */ = {
			isa = PBXResourcesBuildPhase;
			buildActionMask = 2147483647;
			files = (
				620048892B2D709400417E7A /* LaunchScreen.storyboard in Resources */,
				620048862B2D709400417E7A /* Assets.xcassets in Resources */,
			);
			runOnlyForDeploymentPostprocessing = 0;
		};
/* End PBXResourcesBuildPhase section */

/* Begin PBXSourcesBuildPhase section */
		620048752B2D709300417E7A /* Sources */ = {
			isa = PBXSourcesBuildPhase;
			buildActionMask = 2147483647;
			files = (
				6216C6992B328DE000A20F72 /* TVShow.swift in Sources */,
				627273D82B39ED6000027FBC /* YoutubeResponse.swift in Sources */,
				620048962B2EA34400417E7A /* SearchViewController.swift in Sources */,
				620612172B357231009C2B9C /* SearchResultViewController.swift in Sources */,
				620048812B2D709300417E7A /* MainTabBarViewController.swift in Sources */,
				6216C6A72B35355100A20F72 /* BasicViewModel.swift in Sources */,
				62A0EEE82B2FF0CA00634C0C /* CollectionViewTableViewCell.swift in Sources */,
				620048982B2EA37B00417E7A /* DownloadsViewController.swift in Sources */,
				6216C6922B31E12500A20F72 /* API.swift in Sources */,
				6216C6A32B33457200A20F72 /* TitleImage.swift in Sources */,
				6200487D2B2D709300417E7A /* AppDelegate.swift in Sources */,
				6200487F2B2D709300417E7A /* SceneDelegate.swift in Sources */,
				6216C6972B3284B300A20F72 /* Extensions.swift in Sources */,
				62B58F432B46E70700216234 /* BaseViewController.swift in Sources */,
				627273DC2B3A009A00027FBC /* PreviewViewModel.swift in Sources */,
				62825F422B433ADA000F5620 /* CustomTopBarUIView.swift in Sources */,
				6216C69B2B32BF1B00A20F72 /* Upcoming.swift in Sources */,
				620048942B2EA25800417E7A /* UpcomingViewController.swift in Sources */,
				627273DA2B39FB2E00027FBC /* PreviewViewController.swift in Sources */,
				6216C69D2B32C4EA00A20F72 /* Popular.swift in Sources */,
				620048922B2EA21A00417E7A /* HomeViewController.swift in Sources */,
				6216C6A52B343EBC00A20F72 /* BasicTableViewCell.swift in Sources */,
				625E9FB72B3FFE8800B0B977 /* KeyArchiver.swift in Sources */,
				6216C6942B31FC3700A20F72 /* Movie.swift in Sources */,
				6216C6A12B32DEB000A20F72 /* ImageCollectionViewCell.swift in Sources */,
				62A0EEEA2B302CD100634C0C /* HomeHeaderUIView.swift in Sources */,
			);
			runOnlyForDeploymentPostprocessing = 0;
		};
/* End PBXSourcesBuildPhase section */

/* Begin PBXVariantGroup section */
		620048872B2D709400417E7A /* LaunchScreen.storyboard */ = {
			isa = PBXVariantGroup;
			children = (
				620048882B2D709400417E7A /* Base */,
			);
			name = LaunchScreen.storyboard;
			sourceTree = "<group>";
		};
/* End PBXVariantGroup section */

/* Begin XCBuildConfiguration section */
		6200488B2B2D709400417E7A /* Debug */ = {
			isa = XCBuildConfiguration;
			buildSettings = {
				ALWAYS_SEARCH_USER_PATHS = NO;
				CLANG_ANALYZER_NONNULL = YES;
				CLANG_ANALYZER_NUMBER_OBJECT_CONVERSION = YES_AGGRESSIVE;
				CLANG_CXX_LANGUAGE_STANDARD = "gnu++20";
				CLANG_ENABLE_MODULES = YES;
				CLANG_ENABLE_OBJC_ARC = YES;
				CLANG_ENABLE_OBJC_WEAK = YES;
				CLANG_WARN_BLOCK_CAPTURE_AUTORELEASING = YES;
				CLANG_WARN_BOOL_CONVERSION = YES;
				CLANG_WARN_COMMA = YES;
				CLANG_WARN_CONSTANT_CONVERSION = YES;
				CLANG_WARN_DEPRECATED_OBJC_IMPLEMENTATIONS = YES;
				CLANG_WARN_DIRECT_OBJC_ISA_USAGE = YES_ERROR;
				CLANG_WARN_DOCUMENTATION_COMMENTS = YES;
				CLANG_WARN_EMPTY_BODY = YES;
				CLANG_WARN_ENUM_CONVERSION = YES;
				CLANG_WARN_INFINITE_RECURSION = YES;
				CLANG_WARN_INT_CONVERSION = YES;
				CLANG_WARN_NON_LITERAL_NULL_CONVERSION = YES;
				CLANG_WARN_OBJC_IMPLICIT_RETAIN_SELF = YES;
				CLANG_WARN_OBJC_LITERAL_CONVERSION = YES;
				CLANG_WARN_OBJC_ROOT_CLASS = YES_ERROR;
				CLANG_WARN_QUOTED_INCLUDE_IN_FRAMEWORK_HEADER = YES;
				CLANG_WARN_RANGE_LOOP_ANALYSIS = YES;
				CLANG_WARN_STRICT_PROTOTYPES = YES;
				CLANG_WARN_SUSPICIOUS_MOVE = YES;
				CLANG_WARN_UNGUARDED_AVAILABILITY = YES_AGGRESSIVE;
				CLANG_WARN_UNREACHABLE_CODE = YES;
				CLANG_WARN__DUPLICATE_METHOD_MATCH = YES;
				COPY_PHASE_STRIP = NO;
				DEBUG_INFORMATION_FORMAT = dwarf;
				ENABLE_STRICT_OBJC_MSGSEND = YES;
				ENABLE_TESTABILITY = YES;
				GCC_C_LANGUAGE_STANDARD = gnu11;
				GCC_DYNAMIC_NO_PIC = NO;
				GCC_NO_COMMON_BLOCKS = YES;
				GCC_OPTIMIZATION_LEVEL = 0;
				GCC_PREPROCESSOR_DEFINITIONS = (
					"DEBUG=1",
					"$(inherited)",
				);
				GCC_WARN_64_TO_32_BIT_CONVERSION = YES;
				GCC_WARN_ABOUT_RETURN_TYPE = YES_ERROR;
				GCC_WARN_UNDECLARED_SELECTOR = YES;
				GCC_WARN_UNINITIALIZED_AUTOS = YES_AGGRESSIVE;
				GCC_WARN_UNUSED_FUNCTION = YES;
				GCC_WARN_UNUSED_VARIABLE = YES;
				IPHONEOS_DEPLOYMENT_TARGET = 16.2;
				MTL_ENABLE_DEBUG_INFO = INCLUDE_SOURCE;
				MTL_FAST_MATH = YES;
				ONLY_ACTIVE_ARCH = YES;
				SDKROOT = iphoneos;
				SWIFT_ACTIVE_COMPILATION_CONDITIONS = DEBUG;
				SWIFT_OPTIMIZATION_LEVEL = "-Onone";
			};
			name = Debug;
		};
		6200488C2B2D709400417E7A /* Release */ = {
			isa = XCBuildConfiguration;
			buildSettings = {
				ALWAYS_SEARCH_USER_PATHS = NO;
				CLANG_ANALYZER_NONNULL = YES;
				CLANG_ANALYZER_NUMBER_OBJECT_CONVERSION = YES_AGGRESSIVE;
				CLANG_CXX_LANGUAGE_STANDARD = "gnu++20";
				CLANG_ENABLE_MODULES = YES;
				CLANG_ENABLE_OBJC_ARC = YES;
				CLANG_ENABLE_OBJC_WEAK = YES;
				CLANG_WARN_BLOCK_CAPTURE_AUTORELEASING = YES;
				CLANG_WARN_BOOL_CONVERSION = YES;
				CLANG_WARN_COMMA = YES;
				CLANG_WARN_CONSTANT_CONVERSION = YES;
				CLANG_WARN_DEPRECATED_OBJC_IMPLEMENTATIONS = YES;
				CLANG_WARN_DIRECT_OBJC_ISA_USAGE = YES_ERROR;
				CLANG_WARN_DOCUMENTATION_COMMENTS = YES;
				CLANG_WARN_EMPTY_BODY = YES;
				CLANG_WARN_ENUM_CONVERSION = YES;
				CLANG_WARN_INFINITE_RECURSION = YES;
				CLANG_WARN_INT_CONVERSION = YES;
				CLANG_WARN_NON_LITERAL_NULL_CONVERSION = YES;
				CLANG_WARN_OBJC_IMPLICIT_RETAIN_SELF = YES;
				CLANG_WARN_OBJC_LITERAL_CONVERSION = YES;
				CLANG_WARN_OBJC_ROOT_CLASS = YES_ERROR;
				CLANG_WARN_QUOTED_INCLUDE_IN_FRAMEWORK_HEADER = YES;
				CLANG_WARN_RANGE_LOOP_ANALYSIS = YES;
				CLANG_WARN_STRICT_PROTOTYPES = YES;
				CLANG_WARN_SUSPICIOUS_MOVE = YES;
				CLANG_WARN_UNGUARDED_AVAILABILITY = YES_AGGRESSIVE;
				CLANG_WARN_UNREACHABLE_CODE = YES;
				CLANG_WARN__DUPLICATE_METHOD_MATCH = YES;
				COPY_PHASE_STRIP = NO;
				DEBUG_INFORMATION_FORMAT = "dwarf-with-dsym";
				ENABLE_NS_ASSERTIONS = NO;
				ENABLE_STRICT_OBJC_MSGSEND = YES;
				GCC_C_LANGUAGE_STANDARD = gnu11;
				GCC_NO_COMMON_BLOCKS = YES;
				GCC_WARN_64_TO_32_BIT_CONVERSION = YES;
				GCC_WARN_ABOUT_RETURN_TYPE = YES_ERROR;
				GCC_WARN_UNDECLARED_SELECTOR = YES;
				GCC_WARN_UNINITIALIZED_AUTOS = YES_AGGRESSIVE;
				GCC_WARN_UNUSED_FUNCTION = YES;
				GCC_WARN_UNUSED_VARIABLE = YES;
				IPHONEOS_DEPLOYMENT_TARGET = 16.2;
				MTL_ENABLE_DEBUG_INFO = NO;
				MTL_FAST_MATH = YES;
				SDKROOT = iphoneos;
				SWIFT_COMPILATION_MODE = wholemodule;
				SWIFT_OPTIMIZATION_LEVEL = "-O";
				VALIDATE_PRODUCT = YES;
			};
			name = Release;
		};
		6200488E2B2D709400417E7A /* Debug */ = {
			isa = XCBuildConfiguration;
			buildSettings = {
				ASSETCATALOG_COMPILER_APPICON_NAME = AppIcon;
				ASSETCATALOG_COMPILER_GLOBAL_ACCENT_COLOR_NAME = AccentColor;
				CODE_SIGN_STYLE = Automatic;
				CURRENT_PROJECT_VERSION = 1;
				DEVELOPMENT_TEAM = MS7R4SH59K;
				GENERATE_INFOPLIST_FILE = YES;
				INFOPLIST_FILE = boiflix/Info.plist;
				INFOPLIST_KEY_UIApplicationSupportsIndirectInputEvents = YES;
				INFOPLIST_KEY_UILaunchStoryboardName = LaunchScreen;
				INFOPLIST_KEY_UISupportedInterfaceOrientations_iPad = "UIInterfaceOrientationPortrait UIInterfaceOrientationPortraitUpsideDown UIInterfaceOrientationLandscapeLeft UIInterfaceOrientationLandscapeRight";
				INFOPLIST_KEY_UISupportedInterfaceOrientations_iPhone = "UIInterfaceOrientationPortrait UIInterfaceOrientationLandscapeLeft UIInterfaceOrientationLandscapeRight";
				IPHONEOS_DEPLOYMENT_TARGET = 13.0;
				LD_RUNPATH_SEARCH_PATHS = (
					"$(inherited)",
					"@executable_path/Frameworks",
				);
				MARKETING_VERSION = 1.0;
				PRODUCT_BUNDLE_IDENTIFIER = com.nguyenhaduy.boiflix;
				PRODUCT_NAME = Boiflix;
				SWIFT_EMIT_LOC_STRINGS = YES;
				SWIFT_VERSION = 5.0;
				TARGETED_DEVICE_FAMILY = "1,2";
			};
			name = Debug;
		};
		6200488F2B2D709400417E7A /* Release */ = {
			isa = XCBuildConfiguration;
			buildSettings = {
				ASSETCATALOG_COMPILER_APPICON_NAME = AppIcon;
				ASSETCATALOG_COMPILER_GLOBAL_ACCENT_COLOR_NAME = AccentColor;
				CODE_SIGN_STYLE = Automatic;
				CURRENT_PROJECT_VERSION = 1;
				DEVELOPMENT_TEAM = MS7R4SH59K;
				GENERATE_INFOPLIST_FILE = YES;
				INFOPLIST_FILE = boiflix/Info.plist;
				INFOPLIST_KEY_UIApplicationSupportsIndirectInputEvents = YES;
				INFOPLIST_KEY_UILaunchStoryboardName = LaunchScreen;
				INFOPLIST_KEY_UISupportedInterfaceOrientations_iPad = "UIInterfaceOrientationPortrait UIInterfaceOrientationPortraitUpsideDown UIInterfaceOrientationLandscapeLeft UIInterfaceOrientationLandscapeRight";
				INFOPLIST_KEY_UISupportedInterfaceOrientations_iPhone = "UIInterfaceOrientationPortrait UIInterfaceOrientationLandscapeLeft UIInterfaceOrientationLandscapeRight";
				IPHONEOS_DEPLOYMENT_TARGET = 13.0;
				LD_RUNPATH_SEARCH_PATHS = (
					"$(inherited)",
					"@executable_path/Frameworks",
				);
				MARKETING_VERSION = 1.0;
				PRODUCT_BUNDLE_IDENTIFIER = com.nguyenhaduy.boiflix;
				PRODUCT_NAME = Boiflix;
				SWIFT_EMIT_LOC_STRINGS = YES;
				SWIFT_VERSION = 5.0;
				TARGETED_DEVICE_FAMILY = "1,2";
			};
			name = Release;
		};
/* End XCBuildConfiguration section */

/* Begin XCConfigurationList section */
		620048742B2D709300417E7A /* Build configuration list for PBXProject "boiflix" */ = {
			isa = XCConfigurationList;
			buildConfigurations = (
				6200488B2B2D709400417E7A /* Debug */,
				6200488C2B2D709400417E7A /* Release */,
			);
			defaultConfigurationIsVisible = 0;
			defaultConfigurationName = Release;
		};
		6200488D2B2D709400417E7A /* Build configuration list for PBXNativeTarget "boiflix" */ = {
			isa = XCConfigurationList;
			buildConfigurations = (
				6200488E2B2D709400417E7A /* Debug */,
				6200488F2B2D709400417E7A /* Release */,
			);
			defaultConfigurationIsVisible = 0;
			defaultConfigurationName = Release;
		};
/* End XCConfigurationList section */

/* Begin XCRemoteSwiftPackageReference section */
		625E9FB82B4092DD00B0B977 /* XCRemoteSwiftPackageReference "toast-swift" */ = {
			isa = XCRemoteSwiftPackageReference;
			repositoryURL = "https://github.com/BastiaanJansen/toast-swift";
			requirement = {
				kind = exactVersion;
				version = 2.1.1;
			};
		};
		626AA60E2B465C610056E8EB /* XCRemoteSwiftPackageReference "SnapKit" */ = {
			isa = XCRemoteSwiftPackageReference;
			repositoryURL = "https://github.com/SnapKit/SnapKit";
			requirement = {
				kind = exactVersion;
				version = 5.6.0;
			};
		};
/* End XCRemoteSwiftPackageReference section */

/* Begin XCSwiftPackageProductDependency section */
		625E9FB92B4092DD00B0B977 /* Toast */ = {
			isa = XCSwiftPackageProductDependency;
			package = 625E9FB82B4092DD00B0B977 /* XCRemoteSwiftPackageReference "toast-swift" */;
			productName = Toast;
		};
		626AA60F2B465C610056E8EB /* SnapKit */ = {
			isa = XCSwiftPackageProductDependency;
			package = 626AA60E2B465C610056E8EB /* XCRemoteSwiftPackageReference "SnapKit" */;
			productName = SnapKit;
		};
/* End XCSwiftPackageProductDependency section */
	};
	rootObject = 620048712B2D709300417E7A /* Project object */;
}
